{
  "version": 4,
  "terraform_version": "1.4.2",
  "serial": 294,
  "lineage": "7fc4fc23-325e-9a24-e4dd-c3289896e44d",
  "outputs": {
    "dns": {
      "value": "mvws92023032519494336590000000b-1363258959.eu-west-2.elb.amazonaws.com",
      "type": "string"
    }
  },
  "resources": [
    {
      "mode": "data",
      "type": "aws_ami",
      "name": "amazon_linux",
      "provider": "provider[\"registry.terraform.io/hashicorp/aws\"]",
      "instances": [
        {
          "schema_version": 0,
          "attributes": {
            "architecture": "x86_64",
            "arn": "arn:aws:ec2:eu-west-2::image/ami-0af46197a872cda03",
            "block_device_mappings": [
              {
                "device_name": "/dev/xvda",
                "ebs": {
                  "delete_on_termination": "true",
                  "encrypted": "false",
                  "iops": "0",
                  "snapshot_id": "snap-05e59aeb20a389623",
                  "throughput": "0",
                  "volume_size": "8",
                  "volume_type": "gp2"
                },
                "no_device": "",
                "virtual_name": ""
              }
            ],
            "boot_mode": "",
            "creation_date": "2023-03-22T11:06:59.406Z",
            "deprecation_time": "2025-03-22T11:06:59.406Z",
            "description": "Amazon Linux 2 AMI 2.0.20230320.0 x86_64 HVM gp2",
            "ena_support": true,
            "executable_users": null,
            "filter": [
              {
                "name": "architecture",
                "values": [
                  "x86_64"
                ]
              },
              {
                "name": "name",
                "values": [
                  "amzn2-ami-hvm-*-gp2"
                ]
              },
              {
                "name": "root-device-type",
                "values": [
                  "ebs"
                ]
              },
              {
                "name": "virtualization-type",
                "values": [
                  "hvm"
                ]
              }
            ],
            "hypervisor": "xen",
            "id": "ami-0af46197a872cda03",
            "image_id": "ami-0af46197a872cda03",
            "image_location": "amazon/amzn2-ami-hvm-2.0.20230320.0-x86_64-gp2",
            "image_owner_alias": "amazon",
            "image_type": "machine",
            "imds_support": "",
            "include_deprecated": false,
            "kernel_id": "",
            "most_recent": true,
            "name": "amzn2-ami-hvm-2.0.20230320.0-x86_64-gp2",
            "name_regex": null,
            "owner_id": "137112412989",
            "owners": [
              "amazon"
            ],
            "platform": "",
            "platform_details": "Linux/UNIX",
            "product_codes": [],
            "public": true,
            "ramdisk_id": "",
            "root_device_name": "/dev/xvda",
            "root_device_type": "ebs",
            "root_snapshot_id": "snap-05e59aeb20a389623",
            "sriov_net_support": "simple",
            "state": "available",
            "state_reason": {
              "code": "UNSET",
              "message": "UNSET"
            },
            "tags": {},
            "timeouts": null,
            "tpm_support": "",
            "usage_operation": "RunInstances",
            "virtualization_type": "hvm"
          },
          "sensitive_attributes": []
        }
      ]
    },
    {
      "mode": "data",
      "type": "aws_availability_zones",
      "name": "eu_west_2",
      "provider": "provider[\"registry.terraform.io/hashicorp/aws\"]",
      "instances": [
        {
          "schema_version": 0,
          "attributes": {
            "all_availability_zones": null,
            "exclude_names": null,
            "exclude_zone_ids": null,
            "filter": [
              {
                "name": "opt-in-status",
                "values": [
                  "opt-in-not-required"
                ]
              },
              {
                "name": "region-name",
                "values": [
                  "eu-west-2"
                ]
              }
            ],
            "group_names": [
              "eu-west-2"
            ],
            "id": "eu-west-2",
            "names": [
              "eu-west-2a",
              "eu-west-2b",
              "eu-west-2c"
            ],
            "state": "available",
            "timeouts": null,
            "zone_ids": [
              "euw2-az2",
              "euw2-az3",
              "euw2-az1"
            ]
          },
          "sensitive_attributes": []
        }
      ]
    },
    {
      "mode": "data",
      "type": "aws_iam_policy_document",
      "name": "assume_role",
      "provider": "provider[\"registry.terraform.io/hashicorp/aws\"]",
      "instances": [
        {
          "schema_version": 0,
          "attributes": {
            "id": "1903849331",
            "json": "{\n  \"Version\": \"2012-10-17\",\n  \"Statement\": [\n    {\n      \"Sid\": \"\",\n      \"Effect\": \"Allow\",\n      \"Action\": \"sts:AssumeRole\",\n      \"Principal\": {\n        \"Service\": \"ec2.amazonaws.com\"\n      }\n    }\n  ]\n}",
            "override_json": null,
            "override_policy_documents": null,
            "policy_id": null,
            "source_json": null,
            "source_policy_documents": null,
            "statement": [
              {
                "actions": [
                  "sts:AssumeRole"
                ],
                "condition": [],
                "effect": "Allow",
                "not_actions": [],
                "not_principals": [],
                "not_resources": [],
                "principals": [
                  {
                    "identifiers": [
                      "ec2.amazonaws.com"
                    ],
                    "type": "Service"
                  }
                ],
                "resources": [],
                "sid": ""
              }
            ],
            "version": "2012-10-17"
          },
          "sensitive_attributes": []
        }
      ]
    },
    {
      "mode": "data",
      "type": "aws_iam_policy_document",
      "name": "ec2",
      "provider": "provider[\"registry.terraform.io/hashicorp/aws\"]",
      "instances": [
        {
          "schema_version": 0,
          "attributes": {
            "id": "455600609",
            "json": "{\n  \"Version\": \"2012-10-17\",\n  \"Statement\": [\n    {\n      \"Sid\": \"\",\n      \"Effect\": \"Allow\",\n      \"Action\": \"s3:*\",\n      \"Resource\": \"arn:aws:s3:::*\"\n    }\n  ]\n}",
            "override_json": null,
            "override_policy_documents": null,
            "policy_id": null,
            "source_json": null,
            "source_policy_documents": null,
            "statement": [
              {
                "actions": [
                  "s3:*"
                ],
                "condition": [],
                "effect": "Allow",
                "not_actions": [],
                "not_principals": [],
                "not_resources": [],
                "principals": [],
                "resources": [
                  "arn:aws:s3:::*"
                ],
                "sid": ""
              }
            ],
            "version": "2012-10-17"
          },
          "sensitive_attributes": []
        }
      ]
    },
    {
      "mode": "managed",
      "type": "aws_autoscaling_attachment",
      "name": "this",
      "provider": "provider[\"registry.terraform.io/hashicorp/aws\"]",
      "instances": [
        {
          "schema_version": 0,
          "attributes": {
            "alb_target_group_arn": null,
            "autoscaling_group_name": "mvws92023032519494350800000000c",
            "elb": null,
            "id": "mvws92023032519494350800000000c-2023032519500072970000000d",
            "lb_target_group_arn": "arn:aws:elasticloadbalancing:eu-west-2:522829680019:targetgroup/mvws920230325194941297600000007/1355bd48fc2f9b5c"
          },
          "sensitive_attributes": [],
          "private": "bnVsbA==",
          "dependencies": [
            "aws_autoscaling_group.this",
            "aws_iam_instance_profile.this",
            "aws_iam_role.this",
            "aws_launch_template.this",
            "aws_lb_target_group.http",
            "aws_s3_bucket.this",
            "aws_security_group.ec2",
            "aws_subnet.public",
            "aws_vpc.this",
            "data.aws_ami.amazon_linux",
            "data.aws_availability_zones.eu_west_2",
            "data.aws_iam_policy_document.assume_role"
          ]
        }
      ]
    },
    {
      "mode": "managed",
      "type": "aws_autoscaling_group",
      "name": "this",
      "provider": "provider[\"registry.terraform.io/hashicorp/aws\"]",
      "instances": [
        {
          "schema_version": 0,
          "attributes": {
            "arn": "arn:aws:autoscaling:eu-west-2:522829680019:autoScalingGroup:0d6b09c0-14c8-416f-8eee-c1171a7540e0:autoScalingGroupName/mvws92023032519494350800000000c",
            "availability_zones": [
              "eu-west-2b",
              "eu-west-2c"
            ],
            "capacity_rebalance": false,
            "context": "",
            "default_cooldown": 300,
            "default_instance_warmup": 0,
            "desired_capacity": 1,
            "desired_capacity_type": "",
            "enabled_metrics": [],
            "force_delete": false,
            "force_delete_warm_pool": false,
            "health_check_grace_period": 30,
            "health_check_type": "ELB",
            "id": "mvws92023032519494350800000000c",
            "initial_lifecycle_hook": [],
            "instance_refresh": [
              {
                "preferences": [
                  {
                    "auto_rollback": false,
                    "checkpoint_delay": "",
                    "checkpoint_percentages": [],
                    "instance_warmup": "",
                    "min_healthy_percentage": 50,
                    "skip_matching": false
                  }
                ],
                "strategy": "Rolling",
                "triggers": [
                  "tag"
                ]
              }
            ],
            "launch_configuration": "",
            "launch_template": [
              {
                "id": "lt-0f61421f599fa680e",
                "name": "mvws920230325194943104800000009",
                "version": "$Latest"
              }
            ],
            "load_balancers": [],
            "max_instance_lifetime": 0,
            "max_size": 1,
            "metrics_granularity": "1Minute",
            "min_elb_capacity": null,
            "min_size": 1,
            "mixed_instances_policy": [],
            "name": "mvws92023032519494350800000000c",
            "name_prefix": "mvws9",
            "placement_group": "",
            "protect_from_scale_in": false,
            "service_linked_role_arn": "arn:aws:iam::522829680019:role/aws-service-role/autoscaling.amazonaws.com/AWSServiceRoleForAutoScaling",
            "suspended_processes": [],
            "tag": [
              {
                "key": "Name",
                "propagate_at_launch": true,
                "value": "multiverse"
              }
            ],
            "tags": null,
            "target_group_arns": [
              "arn:aws:elasticloadbalancing:eu-west-2:522829680019:targetgroup/mvws920230325194941297600000007/1355bd48fc2f9b5c"
            ],
            "termination_policies": [],
            "timeouts": null,
            "vpc_zone_identifier": [
              "subnet-0217bfc064e08f652",
              "subnet-0c1e1487a92c3d9f1"
            ],
            "wait_for_capacity_timeout": "10m",
            "wait_for_elb_capacity": null,
            "warm_pool": []
          },
          "sensitive_attributes": [],
          "private": "eyJlMmJmYjczMC1lY2FhLTExZTYtOGY4OC0zNDM2M2JjN2M0YzAiOnsiZGVsZXRlIjo2MDAwMDAwMDAwMDAsInVwZGF0ZSI6NjAwMDAwMDAwMDAwfX0=",
          "dependencies": [
            "aws_iam_instance_profile.this",
            "aws_iam_role.this",
            "aws_launch_template.this",
            "aws_s3_bucket.this",
            "aws_security_group.ec2",
            "aws_subnet.public",
            "aws_vpc.this",
            "data.aws_ami.amazon_linux",
            "data.aws_availability_zones.eu_west_2",
            "data.aws_iam_policy_document.assume_role"
          ]
        }
      ]
    },
    {
      "mode": "managed",
      "type": "aws_iam_instance_profile",
      "name": "this",
      "provider": "provider[\"registry.terraform.io/hashicorp/aws\"]",
      "instances": [
        {
          "schema_version": 0,
          "attributes": {
            "arn": "arn:aws:iam::522829680019:instance-profile/mvws920230325194928622000000004",
            "create_date": "2023-03-25T19:49:28Z",
            "id": "mvws920230325194928622000000004",
            "name": "mvws920230325194928622000000004",
            "name_prefix": "mvws9",
            "path": "/",
            "role": "mvws920230325194928436500000002",
            "tags": {},
            "tags_all": {},
            "unique_id": "AIPAXTOYTZWJQZJK64VMR"
          },
          "sensitive_attributes": [],
          "private": "bnVsbA==",
          "dependencies": [
            "aws_iam_role.this",
            "data.aws_iam_policy_document.assume_role"
          ]
        }
      ]
    },
    {
      "mode": "managed",
      "type": "aws_iam_policy",
      "name": "this",
      "provider": "provider[\"registry.terraform.io/hashicorp/aws\"]",
      "instances": [
        {
          "schema_version": 0,
          "attributes": {
            "arn": "arn:aws:iam::522829680019:policy/mvws920230325194928435700000001",
            "description": "",
            "id": "arn:aws:iam::522829680019:policy/mvws920230325194928435700000001",
            "name": "mvws920230325194928435700000001",
            "name_prefix": "mvws9",
            "path": "/",
            "policy": "{\"Statement\":[{\"Action\":\"s3:*\",\"Effect\":\"Allow\",\"Resource\":\"arn:aws:s3:::*\",\"Sid\":\"\"}],\"Version\":\"2012-10-17\"}",
            "policy_id": "ANPAXTOYTZWJ6ZGUU37SD",
            "tags": {
              "Name": "multiverse"
            },
            "tags_all": {
              "Name": "multiverse"
            }
          },
          "sensitive_attributes": [],
          "private": "bnVsbA==",
          "dependencies": [
            "data.aws_iam_policy_document.ec2"
          ]
        }
      ]
    },
    {
      "mode": "managed",
      "type": "aws_iam_policy_attachment",
      "name": "this",
      "provider": "provider[\"registry.terraform.io/hashicorp/aws\"]",
      "instances": [
        {
          "schema_version": 0,
          "attributes": {
            "groups": [],
            "id": "mvws9",
            "name": "mvws9",
            "policy_arn": "arn:aws:iam::522829680019:policy/mvws920230325194928435700000001",
            "roles": [
              "mvws920230325194928436500000002"
            ],
            "users": []
          },
          "sensitive_attributes": [],
          "private": "bnVsbA==",
          "dependencies": [
            "aws_iam_policy.this",
            "aws_iam_role.this",
            "data.aws_iam_policy_document.assume_role",
            "data.aws_iam_policy_document.ec2"
          ]
        }
      ]
    },
    {
      "mode": "managed",
      "type": "aws_iam_role",
      "name": "this",
      "provider": "provider[\"registry.terraform.io/hashicorp/aws\"]",
      "instances": [
        {
          "schema_version": 0,
          "attributes": {
            "arn": "arn:aws:iam::522829680019:role/mvws920230325194928436500000002",
            "assume_role_policy": "{\"Statement\":[{\"Action\":\"sts:AssumeRole\",\"Effect\":\"Allow\",\"Principal\":{\"Service\":\"ec2.amazonaws.com\"},\"Sid\":\"\"}],\"Version\":\"2012-10-17\"}",
            "create_date": "2023-03-25T19:49:28Z",
            "description": "",
            "force_detach_policies": false,
            "id": "mvws920230325194928436500000002",
            "inline_policy": [],
            "managed_policy_arns": [
              "arn:aws:iam::522829680019:policy/mvws920230325194928435700000001"
            ],
            "max_session_duration": 3600,
            "name": "mvws920230325194928436500000002",
            "name_prefix": "mvws9",
            "path": "/",
            "permissions_boundary": null,
            "tags": {
              "Name": "multiverse"
            },
            "tags_all": {
              "Name": "multiverse"
            },
            "unique_id": "AROAXTOYTZWJWFEY5MZ4J"
          },
          "sensitive_attributes": [],
          "private": "bnVsbA==",
          "dependencies": [
            "data.aws_iam_policy_document.assume_role"
          ]
        }
      ]
    },
    {
      "mode": "managed",
      "type": "aws_internet_gateway",
      "name": "this",
      "provider": "provider[\"registry.terraform.io/hashicorp/aws\"]",
      "instances": [
        {
          "schema_version": 0,
          "attributes": {
            "arn": "arn:aws:ec2:eu-west-2:522829680019:internet-gateway/igw-037bf87624f783de7",
            "id": "igw-037bf87624f783de7",
            "owner_id": "522829680019",
            "tags": {
              "Name": "multiverse"
            },
            "tags_all": {
              "Name": "multiverse"
            },
            "timeouts": null,
            "vpc_id": "vpc-0be30261c8accb3bf"
          },
          "sensitive_attributes": [],
          "private": "eyJlMmJmYjczMC1lY2FhLTExZTYtOGY4OC0zNDM2M2JjN2M0YzAiOnsiY3JlYXRlIjoxMjAwMDAwMDAwMDAwLCJkZWxldGUiOjEyMDAwMDAwMDAwMDAsInVwZGF0ZSI6MTIwMDAwMDAwMDAwMH19",
          "dependencies": [
            "aws_vpc.this"
          ]
        }
      ]
    },
    {
      "mode": "managed",
      "type": "aws_launch_template",
      "name": "this",
      "provider": "provider[\"registry.terraform.io/hashicorp/aws\"]",
      "instances": [
        {
          "schema_version": 0,
          "attributes": {
            "arn": "arn:aws:ec2:eu-west-2:522829680019:launch-template/lt-0f61421f599fa680e",
            "block_device_mappings": [],
            "capacity_reservation_specification": [],
            "cpu_options": [],
            "credit_specification": [],
            "default_version": 3,
            "description": "",
            "disable_api_stop": false,
            "disable_api_termination": false,
            "ebs_optimized": "",
            "elastic_gpu_specifications": [],
            "elastic_inference_accelerator": [],
            "enclave_options": [],
            "hibernation_options": [],
            "iam_instance_profile": [
              {
                "arn": "arn:aws:iam::522829680019:instance-profile/mvws920230325194928622000000004",
                "name": ""
              }
            ],
            "id": "lt-0f61421f599fa680e",
            "image_id": "ami-0af46197a872cda03",
            "instance_initiated_shutdown_behavior": "",
            "instance_market_options": [],
            "instance_requirements": [],
            "instance_type": "t3.micro",
            "kernel_id": "",
            "key_name": "",
            "latest_version": 3,
            "license_specification": [],
            "maintenance_options": [],
            "metadata_options": [],
            "monitoring": [],
            "name": "mvws920230325194943104800000009",
            "name_prefix": "mvws9",
            "network_interfaces": [
              {
                "associate_carrier_ip_address": "",
                "associate_public_ip_address": "true",
                "delete_on_termination": "",
                "description": "",
                "device_index": 0,
                "interface_type": "",
                "ipv4_address_count": 0,
                "ipv4_addresses": [],
                "ipv4_prefix_count": 0,
                "ipv4_prefixes": [],
                "ipv6_address_count": 0,
                "ipv6_addresses": [],
                "ipv6_prefix_count": 0,
                "ipv6_prefixes": [],
                "network_card_index": 0,
                "network_interface_id": "",
                "private_ip_address": "",
                "security_groups": [
                  "sg-0377a6b3149b4b8af"
                ],
                "subnet_id": ""
              }
            ],
            "placement": [],
            "private_dns_name_options": [],
            "ram_disk_id": "",
            "security_group_names": [],
            "tag_specifications": [],
            "tags": {},
            "tags_all": {},
            "update_default_version": true,
            "user_data": "IyEvYmluL2Jhc2ggLXhlCgp5dW0gdXBkYXRlIC15Cnl1bSBpbnN0YWxsIC15IHVuemlwCgphbWF6b24tbGludXgtZXh0cmFzIGVuYWJsZSBuZ2lueDEgcHl0aG9uMyAKeXVtIGNsZWFuIG1ldGFkYXRhCnl1bSBpbnN0YWxsIC15IG5naW54IHB5dGhvbjMKCnN5c3RlbWN0bCBlbmFibGUgbmdpbngKc3lzdGVtY3RsIHN0YXJ0IG5naW54CmNhdCA8PEVPVCA+IC91c3Ivc2hhcmUvbmdpbngvaHRtbC9pbmRleC5odG1sIAo8aHRtbD4KICAgIDxoZWFkPgogICAgICAgIDx0aXRsZT5EZXZPcHMgQXNzZXNzbWVudCAyPC90aXRsZT4KICAgICAgICA8bGluayByZWw9Imljb24iIHR5cGU9ImltYWdlL3N2Zyt4bWwiIHNpemVzPSJhbnkiCmhyZWY9Imh0dHBzOi8vbXVsdGl2ZXJzZS5pby9mYXZpY29uLnN2ZyI+IAogICAgPHN0eWxlPgogICAgICAgIGh0bWwgeyAKICAgICAgICAgICAgYmFja2dyb3VuZDojMjQyNDU3OyAKICAgICAgICAgICAgY29sb3I6I2ZmZjsgCiAgICAgICAgICAgIHRleHQtYWxpZ246Y2VudGVyOyAKICAgICAgICAgICAgZm9udC13ZWlnaHQ6ODAwOyAKICAgICAgICAgICAgZm9udC1zaXplOjEuNXJlbTsgCiAgICAgICAgICAgIG1hcmdpbjogMS41cmVtOwogICAgICAgIH0gCiAgICA8L3N0eWxlPgogIDwvaGVhZD4KICA8Ym9keT4KICAgIDxwPlF1ZXN0aW9ubmFpcmUgUmVzdWx0czogSSdsbCBjbGVhbiB0aGUgZGF0YTwvcD4KICA8L2JvZHk+CjwvaHRtbD4gCkVPVAoKbWtkaXIgLXAgL3Jvb3QvLmF3cwpjYXQgPDxFT1QgPj4gL3Jvb3QvLmF3cy9jb25maWcgCltkZWZhdWx0XQpyZWdpb24gPSBldS13ZXN0LTIKRU9UCgpjYXQgPDxFT1QgPj4gL3Jvb3QvbXZ3czkuc2ggCiMhL2Jpbi9iYXNoCnJtIC1yZiAvcm9vdC9jb2RlCm1rZGlyIC1wIC9yb290L2NvZGUKYXdzIHMzIGNwIHMzOi8vbXZ3czktZHlsYW4tcmlja2VyYnkyMDIzMDMyNTE5NDkyODQ0MDgwMDAwMDAwMy9jb2RlLnppcCAvdG1wL2NvZGUuemlwCnVuemlwIC90bXAvY29kZS56aXAgLWQgL3Jvb3QvY29kZS8KYXdzIHMzIGNwIHMzOi8vbXZ3czktZHlsYW4tcmlja2VyYnkyMDIzMDMyNTE5NDkyODQ0MDgwMDAwMDAwMy9yZXN1bHRzLmNzdiAvcm9vdC9jb2RlL212dG9vbHMvdGVycmFmb3JtLWlhYy9yZXN1bHRzLmNzdiAKY2QgY29kZS9tdnRvb2xzL3B5dGhvbi1zdXJ2ZXktYXBwCnB3ZCA+IC9yb290L2NvZGUvd2hlcmVJYW0udHh0CmF3cyBzMyBjcCAvcm9vdC9jb2RlL2Vycm9yLnR4dCBzMzovL212d3M5LWR5bGFuLXJpY2tlcmJ5MjAyMzAzMjUxOTQ5Mjg0NDA4MDAwMDAwMDMvd2hlcmVJYW0udHh0CnB5dGhvbjMgcXVlc3Rpb25uYWlyZXJlc3VsdHMucHkKYXdzIHMzIGNwIC9yb290L2NvZGUvbXZ0b29scy9weXRob24tc3VydmV5LWFwcC9jbGVhbl9yZXN1bHRzLmNzdiBzMzovL212d3M5LWR5bGFuLXJpY2tlcmJ5MjAyMzAzMjUxOTQ5Mjg0NDA4MDAwMDAwMDMvY2xlYW5fcmVzdWx0cy5jc3YKcHl0aG9uMyBxdWVzdGlvbm5haXJlcmVzdWx0cy5weSA+IC9yb290L2NvZGUvcmVzdWx0c19sYXRlc3QudHh0CmF3cyBzMyBjcCAvcm9vdC9jb2RlL3Jlc3VsdHNfbGF0ZXN0LnR4dCBzMzovL212d3M5LWR5bGFuLXJpY2tlcmJ5MjAyMzAzMjUxOTQ5Mjg0NDA4MDAwMDAwMDMvcmVzdWx0c19sYXRlc3QudHh0CnB5dGhvbjMgcXVlc3Rpb25uYWlyZXJlc3VsdHMucHkgMj4gL3Jvb3QvY29kZS9lcnJvci50eHQKYXdzIHMzIGNwIC9yb290L2NvZGUvZXJyb3IudHh0IHMzOi8vbXZ3czktZHlsYW4tcmlja2VyYnkyMDIzMDMyNTE5NDkyODQ0MDgwMDAwMDAwMy9lcnJvci50eHQKRU9UCgpjYXQgPDxFT1QgPj4gL2V0Yy9jcm9uLmQvbXZ3czkKKiAqICogKiAqIHJvb3QgL2Jpbi9iYXNoIC9yb290L212d3M5LnNoCkVPVA==",
            "vpc_security_group_ids": []
          },
          "sensitive_attributes": [],
          "private": "bnVsbA==",
          "dependencies": [
            "aws_iam_instance_profile.this",
            "aws_s3_bucket.this",
            "aws_security_group.ec2",
            "data.aws_ami.amazon_linux"
          ]
        }
      ]
    },
    {
      "mode": "managed",
      "type": "aws_lb",
      "name": "this",
      "provider": "provider[\"registry.terraform.io/hashicorp/aws\"]",
      "instances": [
        {
          "schema_version": 0,
          "attributes": {
            "access_logs": [
              {
                "bucket": "",
                "enabled": false,
                "prefix": ""
              }
            ],
            "arn": "arn:aws:elasticloadbalancing:eu-west-2:522829680019:loadbalancer/app/mvws92023032519494336590000000b/68147f4f647a8ac1",
            "arn_suffix": "app/mvws92023032519494336590000000b/68147f4f647a8ac1",
            "customer_owned_ipv4_pool": "",
            "desync_mitigation_mode": "defensive",
            "dns_name": "mvws92023032519494336590000000b-1363258959.eu-west-2.elb.amazonaws.com",
            "drop_invalid_header_fields": false,
            "enable_cross_zone_load_balancing": true,
            "enable_deletion_protection": false,
            "enable_http2": true,
            "enable_tls_version_and_cipher_suite_headers": false,
            "enable_waf_fail_open": false,
            "enable_xff_client_port": false,
            "id": "arn:aws:elasticloadbalancing:eu-west-2:522829680019:loadbalancer/app/mvws92023032519494336590000000b/68147f4f647a8ac1",
            "idle_timeout": 60,
            "internal": false,
            "ip_address_type": "ipv4",
            "load_balancer_type": "application",
            "name": "mvws92023032519494336590000000b",
            "name_prefix": "mvws9",
            "preserve_host_header": false,
            "security_groups": [
              "sg-0244ba53021231f1e"
            ],
            "subnet_mapping": [
              {
                "allocation_id": "",
                "ipv6_address": "",
                "outpost_id": "",
                "private_ipv4_address": "",
                "subnet_id": "subnet-0217bfc064e08f652"
              },
              {
                "allocation_id": "",
                "ipv6_address": "",
                "outpost_id": "",
                "private_ipv4_address": "",
                "subnet_id": "subnet-0c1e1487a92c3d9f1"
              }
            ],
            "subnets": [
              "subnet-0217bfc064e08f652",
              "subnet-0c1e1487a92c3d9f1"
            ],
            "tags": {
              "Name": "multiverse"
            },
            "tags_all": {
              "Name": "multiverse"
            },
            "timeouts": null,
            "vpc_id": "vpc-0be30261c8accb3bf",
            "xff_header_processing_mode": "append",
            "zone_id": "ZHURV8PSTC4K8"
          },
          "sensitive_attributes": [],
          "private": "eyJlMmJmYjczMC1lY2FhLTExZTYtOGY4OC0zNDM2M2JjN2M0YzAiOnsiY3JlYXRlIjo2MDAwMDAwMDAwMDAsImRlbGV0ZSI6NjAwMDAwMDAwMDAwLCJ1cGRhdGUiOjYwMDAwMDAwMDAwMH19",
          "dependencies": [
            "aws_security_group.alb",
            "aws_subnet.public",
            "aws_vpc.this",
            "data.aws_availability_zones.eu_west_2"
          ]
        }
      ]
    },
    {
      "mode": "managed",
      "type": "aws_lb_listener",
      "name": "http",
      "provider": "provider[\"registry.terraform.io/hashicorp/aws\"]",
      "instances": [
        {
          "schema_version": 0,
          "attributes": {
            "alpn_policy": null,
            "arn": "arn:aws:elasticloadbalancing:eu-west-2:522829680019:listener/app/mvws92023032519494336590000000b/68147f4f647a8ac1/936eeb57ca9a5e6e",
            "certificate_arn": null,
            "default_action": [
              {
                "authenticate_cognito": [],
                "authenticate_oidc": [],
                "fixed_response": [],
                "forward": [],
                "order": 1,
                "redirect": [],
                "target_group_arn": "arn:aws:elasticloadbalancing:eu-west-2:522829680019:targetgroup/mvws920230325194941297600000007/1355bd48fc2f9b5c",
                "type": "forward"
              }
            ],
            "id": "arn:aws:elasticloadbalancing:eu-west-2:522829680019:listener/app/mvws92023032519494336590000000b/68147f4f647a8ac1/936eeb57ca9a5e6e",
            "load_balancer_arn": "arn:aws:elasticloadbalancing:eu-west-2:522829680019:loadbalancer/app/mvws92023032519494336590000000b/68147f4f647a8ac1",
            "port": 80,
            "protocol": "HTTP",
            "ssl_policy": "",
            "tags": {},
            "tags_all": {},
            "timeouts": null
          },
          "sensitive_attributes": [],
          "private": "eyJlMmJmYjczMC1lY2FhLTExZTYtOGY4OC0zNDM2M2JjN2M0YzAiOnsicmVhZCI6NjAwMDAwMDAwMDAwfX0=",
          "dependencies": [
            "aws_lb.this",
            "aws_lb_target_group.http",
            "aws_security_group.alb",
            "aws_subnet.public",
            "aws_vpc.this",
            "data.aws_availability_zones.eu_west_2"
          ]
        }
      ]
    },
    {
      "mode": "managed",
      "type": "aws_lb_target_group",
      "name": "http",
      "provider": "provider[\"registry.terraform.io/hashicorp/aws\"]",
      "instances": [
        {
          "schema_version": 0,
          "attributes": {
            "arn": "arn:aws:elasticloadbalancing:eu-west-2:522829680019:targetgroup/mvws920230325194941297600000007/1355bd48fc2f9b5c",
            "arn_suffix": "targetgroup/mvws920230325194941297600000007/1355bd48fc2f9b5c",
            "connection_termination": false,
            "deregistration_delay": "0",
            "health_check": [
              {
                "enabled": true,
                "healthy_threshold": 5,
                "interval": 30,
                "matcher": "200",
                "path": "/",
                "port": "traffic-port",
                "protocol": "HTTP",
                "timeout": 5,
                "unhealthy_threshold": 2
              }
            ],
            "id": "arn:aws:elasticloadbalancing:eu-west-2:522829680019:targetgroup/mvws920230325194941297600000007/1355bd48fc2f9b5c",
            "ip_address_type": "ipv4",
            "lambda_multi_value_headers_enabled": false,
            "load_balancing_algorithm_type": "round_robin",
            "load_balancing_cross_zone_enabled": "use_load_balancer_configuration",
            "name": "mvws920230325194941297600000007",
            "name_prefix": "mvws9",
            "port": 80,
            "preserve_client_ip": null,
            "protocol": "HTTP",
            "protocol_version": "HTTP1",
            "proxy_protocol_v2": false,
            "slow_start": 0,
            "stickiness": [
              {
                "cookie_duration": 86400,
                "cookie_name": "",
                "enabled": false,
                "type": "lb_cookie"
              }
            ],
            "tags": {},
            "tags_all": {},
            "target_failover": [
              {
                "on_deregistration": null,
                "on_unhealthy": null
              }
            ],
            "target_type": "instance",
            "vpc_id": "vpc-0be30261c8accb3bf"
          },
          "sensitive_attributes": [],
          "private": "bnVsbA==",
          "dependencies": [
            "aws_vpc.this"
          ]
        }
      ]
    },
    {
      "mode": "managed",
      "type": "aws_route",
      "name": "public",
      "provider": "provider[\"registry.terraform.io/hashicorp/aws\"]",
      "instances": [
        {
          "schema_version": 0,
          "attributes": {
            "carrier_gateway_id": "",
            "core_network_arn": "",
            "destination_cidr_block": "0.0.0.0/0",
            "destination_ipv6_cidr_block": "",
            "destination_prefix_list_id": "",
            "egress_only_gateway_id": "",
            "gateway_id": "igw-037bf87624f783de7",
            "id": "r-rtb-0f27bc57e26ecc13d1080289494",
            "instance_id": "",
            "instance_owner_id": "",
            "local_gateway_id": "",
            "nat_gateway_id": "",
            "network_interface_id": "",
            "origin": "CreateRoute",
            "route_table_id": "rtb-0f27bc57e26ecc13d",
            "state": "active",
            "timeouts": null,
            "transit_gateway_id": "",
            "vpc_endpoint_id": "",
            "vpc_peering_connection_id": ""
          },
          "sensitive_attributes": [],
          "private": "eyJlMmJmYjczMC1lY2FhLTExZTYtOGY4OC0zNDM2M2JjN2M0YzAiOnsiY3JlYXRlIjozMDAwMDAwMDAwMDAsImRlbGV0ZSI6MzAwMDAwMDAwMDAwLCJ1cGRhdGUiOjEyMDAwMDAwMDAwMH19",
          "dependencies": [
            "aws_internet_gateway.this",
            "aws_route_table.public",
            "aws_vpc.this"
          ]
        }
      ]
    },
    {
      "mode": "managed",
      "type": "aws_route_table",
      "name": "public",
      "provider": "provider[\"registry.terraform.io/hashicorp/aws\"]",
      "instances": [
        {
          "schema_version": 0,
          "attributes": {
            "arn": "arn:aws:ec2:eu-west-2:522829680019:route-table/rtb-0f27bc57e26ecc13d",
            "id": "rtb-0f27bc57e26ecc13d",
            "owner_id": "522829680019",
            "propagating_vgws": [],
            "route": [
              {
                "carrier_gateway_id": "",
                "cidr_block": "0.0.0.0/0",
                "core_network_arn": "",
                "destination_prefix_list_id": "",
                "egress_only_gateway_id": "",
                "gateway_id": "igw-037bf87624f783de7",
                "instance_id": "",
                "ipv6_cidr_block": "",
                "local_gateway_id": "",
                "nat_gateway_id": "",
                "network_interface_id": "",
                "transit_gateway_id": "",
                "vpc_endpoint_id": "",
                "vpc_peering_connection_id": ""
              }
            ],
            "tags": {
              "Name": "multiverse-public"
            },
            "tags_all": {
              "Name": "multiverse-public"
            },
            "timeouts": null,
            "vpc_id": "vpc-0be30261c8accb3bf"
          },
          "sensitive_attributes": [],
          "private": "eyJlMmJmYjczMC1lY2FhLTExZTYtOGY4OC0zNDM2M2JjN2M0YzAiOnsiY3JlYXRlIjozMDAwMDAwMDAwMDAsImRlbGV0ZSI6MzAwMDAwMDAwMDAwLCJ1cGRhdGUiOjEyMDAwMDAwMDAwMH19",
          "dependencies": [
            "aws_vpc.this"
          ]
        }
      ]
    },
    {
      "mode": "managed",
      "type": "aws_route_table_association",
      "name": "public",
      "provider": "provider[\"registry.terraform.io/hashicorp/aws\"]",
      "instances": [
        {
          "index_key": "1",
          "schema_version": 0,
          "attributes": {
            "gateway_id": "",
            "id": "rtbassoc-09507541d83d331d8",
            "route_table_id": "rtb-0f27bc57e26ecc13d",
            "subnet_id": "subnet-0c1e1487a92c3d9f1"
          },
          "sensitive_attributes": [],
          "private": "bnVsbA==",
          "dependencies": [
            "aws_route_table.public",
            "aws_subnet.public",
            "aws_vpc.this",
            "data.aws_availability_zones.eu_west_2"
          ]
        },
        {
          "index_key": "2",
          "schema_version": 0,
          "attributes": {
            "gateway_id": "",
            "id": "rtbassoc-05933250f57c30565",
            "route_table_id": "rtb-0f27bc57e26ecc13d",
            "subnet_id": "subnet-0217bfc064e08f652"
          },
          "sensitive_attributes": [],
          "private": "bnVsbA==",
          "dependencies": [
            "aws_route_table.public",
            "aws_subnet.public",
            "aws_vpc.this",
            "data.aws_availability_zones.eu_west_2"
          ]
        }
      ]
    },
    {
      "mode": "managed",
      "type": "aws_s3_bucket",
      "name": "this",
      "provider": "provider[\"registry.terraform.io/hashicorp/aws\"]",
      "instances": [
        {
          "schema_version": 0,
          "attributes": {
            "acceleration_status": "",
            "acl": null,
            "arn": "arn:aws:s3:::mvws9-dylan-rickerby20230325194928440800000003",
            "bucket": "mvws9-dylan-rickerby20230325194928440800000003",
            "bucket_domain_name": "mvws9-dylan-rickerby20230325194928440800000003.s3.amazonaws.com",
            "bucket_prefix": "mvws9-dylan-rickerby",
            "bucket_regional_domain_name": "mvws9-dylan-rickerby20230325194928440800000003.s3.eu-west-2.amazonaws.com",
            "cors_rule": [],
            "force_destroy": true,
            "grant": [
              {
                "id": "ec98a0b3607e7bd6a8e19f720fc0283ab4455a4ce117b0ee58a511bc34610073",
                "permissions": [
                  "FULL_CONTROL"
                ],
                "type": "CanonicalUser",
                "uri": ""
              }
            ],
            "hosted_zone_id": "Z3GKZC51ZF0DB4",
            "id": "mvws9-dylan-rickerby20230325194928440800000003",
            "lifecycle_rule": [],
            "logging": [],
            "object_lock_configuration": [],
            "object_lock_enabled": false,
            "policy": "",
            "region": "eu-west-2",
            "replication_configuration": [],
            "request_payer": "BucketOwner",
            "server_side_encryption_configuration": [
              {
                "rule": [
                  {
                    "apply_server_side_encryption_by_default": [
                      {
                        "kms_master_key_id": "",
                        "sse_algorithm": "AES256"
                      }
                    ],
                    "bucket_key_enabled": false
                  }
                ]
              }
            ],
            "tags": {
              "Name": "multiverse"
            },
            "tags_all": {
              "Name": "multiverse"
            },
            "timeouts": null,
            "versioning": [
              {
                "enabled": false,
                "mfa_delete": false
              }
            ],
            "website": [],
            "website_domain": null,
            "website_endpoint": null
          },
          "sensitive_attributes": [],
          "private": "eyJlMmJmYjczMC1lY2FhLTExZTYtOGY4OC0zNDM2M2JjN2M0YzAiOnsiY3JlYXRlIjoxMjAwMDAwMDAwMDAwLCJkZWxldGUiOjM2MDAwMDAwMDAwMDAsInJlYWQiOjEyMDAwMDAwMDAwMDAsInVwZGF0ZSI6MTIwMDAwMDAwMDAwMH19"
        }
      ]
    },
    {
      "mode": "managed",
      "type": "aws_s3_bucket_acl",
      "name": "this",
      "provider": "provider[\"registry.terraform.io/hashicorp/aws\"]",
      "instances": [
        {
          "schema_version": 0,
          "attributes": {
            "access_control_policy": [
              {
                "grant": [
                  {
                    "grantee": [
                      {
                        "display_name": "",
                        "email_address": "",
                        "id": "ec98a0b3607e7bd6a8e19f720fc0283ab4455a4ce117b0ee58a511bc34610073",
                        "type": "CanonicalUser",
                        "uri": ""
                      }
                    ],
                    "permission": "FULL_CONTROL"
                  }
                ],
                "owner": [
                  {
                    "display_name": "",
                    "id": "ec98a0b3607e7bd6a8e19f720fc0283ab4455a4ce117b0ee58a511bc34610073"
                  }
                ]
              }
            ],
            "acl": "private",
            "bucket": "mvws9-dylan-rickerby20230325194928440800000003",
            "expected_bucket_owner": "",
            "id": "mvws9-dylan-rickerby20230325194928440800000003,private"
          },
          "sensitive_attributes": [],
          "private": "bnVsbA==",
          "dependencies": [
            "aws_s3_bucket.this"
          ]
        }
      ]
    },
    {
      "mode": "managed",
      "type": "aws_s3_object",
      "name": "this",
      "provider": "provider[\"registry.terraform.io/hashicorp/aws\"]",
      "instances": [
        {
          "schema_version": 0,
          "attributes": {
            "acl": "private",
            "bucket": "mvws9-dylan-rickerby20230325194928440800000003",
            "bucket_key_enabled": false,
            "cache_control": "",
            "content": null,
            "content_base64": null,
            "content_disposition": "",
            "content_encoding": "",
            "content_language": "",
            "content_type": "binary/octet-stream",
            "etag": "f2b1d12d5cbcee7cc8ada5b36f3b30d5",
            "force_destroy": false,
            "id": "results.csv",
            "key": "results.csv",
            "kms_key_id": null,
            "metadata": {},
            "object_lock_legal_hold_status": "",
            "object_lock_mode": "",
            "object_lock_retain_until_date": "",
            "server_side_encryption": "AES256",
            "source": "./results.csv",
            "source_hash": null,
            "storage_class": "STANDARD",
            "tags": {},
            "tags_all": {},
            "version_id": "",
            "website_redirect": ""
          },
          "sensitive_attributes": [],
          "private": "bnVsbA==",
          "dependencies": [
            "aws_s3_bucket.this"
          ]
        }
      ]
    },
    {
      "mode": "managed",
      "type": "aws_security_group",
      "name": "alb",
      "provider": "provider[\"registry.terraform.io/hashicorp/aws\"]",
      "instances": [
        {
          "schema_version": 1,
          "attributes": {
            "arn": "arn:aws:ec2:eu-west-2:522829680019:security-group/sg-0244ba53021231f1e",
            "description": "Managed by Terraform",
            "egress": [
              {
                "cidr_blocks": [],
                "description": "",
                "from_port": 80,
                "ipv6_cidr_blocks": [],
                "prefix_list_ids": [],
                "protocol": "tcp",
                "security_groups": [
                  "sg-0377a6b3149b4b8af"
                ],
                "self": false,
                "to_port": 80
              }
            ],
            "id": "sg-0244ba53021231f1e",
            "ingress": [
              {
                "cidr_blocks": [
                  "0.0.0.0/0"
                ],
                "description": "",
                "from_port": 80,
                "ipv6_cidr_blocks": [],
                "prefix_list_ids": [],
                "protocol": "tcp",
                "security_groups": [],
                "self": false,
                "to_port": 80
              }
            ],
            "name": "mvws920230325194941300400000008",
            "name_prefix": "mvws9",
            "owner_id": "522829680019",
            "revoke_rules_on_delete": true,
            "tags": {
              "Name": "multiverse-alb"
            },
            "tags_all": {
              "Name": "multiverse-alb"
            },
            "timeouts": null,
            "vpc_id": "vpc-0be30261c8accb3bf"
          },
          "sensitive_attributes": [],
          "private": "eyJlMmJmYjczMC1lY2FhLTExZTYtOGY4OC0zNDM2M2JjN2M0YzAiOnsiY3JlYXRlIjo2MDAwMDAwMDAwMDAsImRlbGV0ZSI6OTAwMDAwMDAwMDAwfSwic2NoZW1hX3ZlcnNpb24iOiIxIn0=",
          "dependencies": [
            "aws_vpc.this"
          ]
        }
      ]
    },
    {
      "mode": "managed",
      "type": "aws_security_group",
      "name": "ec2",
      "provider": "provider[\"registry.terraform.io/hashicorp/aws\"]",
      "instances": [
        {
          "schema_version": 1,
          "attributes": {
            "arn": "arn:aws:ec2:eu-west-2:522829680019:security-group/sg-0377a6b3149b4b8af",
            "description": "Managed by Terraform",
            "egress": [
              {
                "cidr_blocks": [
                  "0.0.0.0/0"
                ],
                "description": "",
                "from_port": 0,
                "ipv6_cidr_blocks": [],
                "prefix_list_ids": [],
                "protocol": "tcp",
                "security_groups": [],
                "self": false,
                "to_port": 65535
              }
            ],
            "id": "sg-0377a6b3149b4b8af",
            "ingress": [
              {
                "cidr_blocks": [],
                "description": "",
                "from_port": 80,
                "ipv6_cidr_blocks": [],
                "prefix_list_ids": [],
                "protocol": "tcp",
                "security_groups": [
                  "sg-0244ba53021231f1e"
                ],
                "self": false,
                "to_port": 80
              }
            ],
            "name": "mvws9-ec220230325194941286000000005",
            "name_prefix": "mvws9-ec2",
            "owner_id": "522829680019",
            "revoke_rules_on_delete": true,
            "tags": {
              "Name": "multiverse-ec2"
            },
            "tags_all": {
              "Name": "multiverse-ec2"
            },
            "timeouts": null,
            "vpc_id": "vpc-0be30261c8accb3bf"
          },
          "sensitive_attributes": [],
          "private": "eyJlMmJmYjczMC1lY2FhLTExZTYtOGY4OC0zNDM2M2JjN2M0YzAiOnsiY3JlYXRlIjo2MDAwMDAwMDAwMDAsImRlbGV0ZSI6OTAwMDAwMDAwMDAwfSwic2NoZW1hX3ZlcnNpb24iOiIxIn0=",
          "dependencies": [
            "aws_vpc.this"
          ]
        }
      ]
    },
    {
      "mode": "managed",
      "type": "aws_security_group_rule",
      "name": "alb_from_web_ingress",
      "provider": "provider[\"registry.terraform.io/hashicorp/aws\"]",
      "instances": [
        {
          "schema_version": 2,
          "attributes": {
            "cidr_blocks": [
              "0.0.0.0/0"
            ],
            "description": "",
            "from_port": 80,
            "id": "sgrule-1015526668",
            "ipv6_cidr_blocks": null,
            "prefix_list_ids": null,
            "protocol": "tcp",
            "security_group_id": "sg-0244ba53021231f1e",
            "security_group_rule_id": "sgr-07789e3c8f39e88d5",
            "self": false,
            "source_security_group_id": null,
            "timeouts": null,
            "to_port": 80,
            "type": "ingress"
          },
          "sensitive_attributes": [],
          "private": "eyJlMmJmYjczMC1lY2FhLTExZTYtOGY4OC0zNDM2M2JjN2M0YzAiOnsiY3JlYXRlIjozMDAwMDAwMDAwMDB9LCJzY2hlbWFfdmVyc2lvbiI6IjIifQ==",
          "dependencies": [
            "aws_security_group.alb",
            "aws_vpc.this"
          ]
        }
      ]
    },
    {
      "mode": "managed",
      "type": "aws_security_group_rule",
      "name": "alb_to_ec2_egress",
      "provider": "provider[\"registry.terraform.io/hashicorp/aws\"]",
      "instances": [
        {
          "schema_version": 2,
          "attributes": {
            "cidr_blocks": null,
            "description": "",
            "from_port": 80,
            "id": "sgrule-196632628",
            "ipv6_cidr_blocks": null,
            "prefix_list_ids": null,
            "protocol": "tcp",
            "security_group_id": "sg-0244ba53021231f1e",
            "security_group_rule_id": "sgr-083fb6d40696523b7",
            "self": false,
            "source_security_group_id": "sg-0377a6b3149b4b8af",
            "timeouts": null,
            "to_port": 80,
            "type": "egress"
          },
          "sensitive_attributes": [],
          "private": "eyJlMmJmYjczMC1lY2FhLTExZTYtOGY4OC0zNDM2M2JjN2M0YzAiOnsiY3JlYXRlIjozMDAwMDAwMDAwMDB9LCJzY2hlbWFfdmVyc2lvbiI6IjIifQ==",
          "dependencies": [
            "aws_security_group.alb",
            "aws_security_group.ec2",
            "aws_vpc.this"
          ]
        }
      ]
    },
    {
      "mode": "managed",
      "type": "aws_security_group_rule",
      "name": "ec2_from_alb_ingress",
      "provider": "provider[\"registry.terraform.io/hashicorp/aws\"]",
      "instances": [
        {
          "schema_version": 2,
          "attributes": {
            "cidr_blocks": null,
            "description": "",
            "from_port": 80,
            "id": "sgrule-1863095948",
            "ipv6_cidr_blocks": null,
            "prefix_list_ids": null,
            "protocol": "tcp",
            "security_group_id": "sg-0377a6b3149b4b8af",
            "security_group_rule_id": "sgr-07f7c9b48de1046c0",
            "self": false,
            "source_security_group_id": "sg-0244ba53021231f1e",
            "timeouts": null,
            "to_port": 80,
            "type": "ingress"
          },
          "sensitive_attributes": [],
          "private": "eyJlMmJmYjczMC1lY2FhLTExZTYtOGY4OC0zNDM2M2JjN2M0YzAiOnsiY3JlYXRlIjozMDAwMDAwMDAwMDB9LCJzY2hlbWFfdmVyc2lvbiI6IjIifQ==",
          "dependencies": [
            "aws_security_group.alb",
            "aws_security_group.ec2",
            "aws_vpc.this"
          ]
        }
      ]
    },
    {
      "mode": "managed",
      "type": "aws_security_group_rule",
      "name": "ec2_to_web_egress",
      "provider": "provider[\"registry.terraform.io/hashicorp/aws\"]",
      "instances": [
        {
          "schema_version": 2,
          "attributes": {
            "cidr_blocks": [
              "0.0.0.0/0"
            ],
            "description": "",
            "from_port": 0,
            "id": "sgrule-2824168250",
            "ipv6_cidr_blocks": null,
            "prefix_list_ids": null,
            "protocol": "tcp",
            "security_group_id": "sg-0377a6b3149b4b8af",
            "security_group_rule_id": "sgr-01f4f6061c12953f5",
            "self": false,
            "source_security_group_id": null,
            "timeouts": null,
            "to_port": 65535,
            "type": "egress"
          },
          "sensitive_attributes": [],
          "private": "eyJlMmJmYjczMC1lY2FhLTExZTYtOGY4OC0zNDM2M2JjN2M0YzAiOnsiY3JlYXRlIjozMDAwMDAwMDAwMDB9LCJzY2hlbWFfdmVyc2lvbiI6IjIifQ==",
          "dependencies": [
            "aws_security_group.ec2",
            "aws_vpc.this"
          ]
        }
      ]
    },
    {
      "mode": "managed",
      "type": "aws_subnet",
      "name": "public",
      "provider": "provider[\"registry.terraform.io/hashicorp/aws\"]",
      "instances": [
        {
          "index_key": "1",
          "schema_version": 1,
          "attributes": {
            "arn": "arn:aws:ec2:eu-west-2:522829680019:subnet/subnet-0c1e1487a92c3d9f1",
            "assign_ipv6_address_on_creation": false,
            "availability_zone": "eu-west-2b",
            "availability_zone_id": "euw2-az3",
            "cidr_block": "10.0.1.0/24",
            "customer_owned_ipv4_pool": "",
            "enable_dns64": false,
            "enable_resource_name_dns_a_record_on_launch": false,
            "enable_resource_name_dns_aaaa_record_on_launch": false,
            "id": "subnet-0c1e1487a92c3d9f1",
            "ipv6_cidr_block": "",
            "ipv6_cidr_block_association_id": "",
            "ipv6_native": false,
            "map_customer_owned_ip_on_launch": false,
            "map_public_ip_on_launch": false,
            "outpost_arn": "",
            "owner_id": "522829680019",
            "private_dns_hostname_type_on_launch": "ip-name",
            "tags": {
              "Name": "multiverse-1"
            },
            "tags_all": {
              "Name": "multiverse-1"
            },
            "timeouts": null,
            "vpc_id": "vpc-0be30261c8accb3bf"
          },
          "sensitive_attributes": [],
          "private": "eyJlMmJmYjczMC1lY2FhLTExZTYtOGY4OC0zNDM2M2JjN2M0YzAiOnsiY3JlYXRlIjo2MDAwMDAwMDAwMDAsImRlbGV0ZSI6MTIwMDAwMDAwMDAwMH0sInNjaGVtYV92ZXJzaW9uIjoiMSJ9",
          "dependencies": [
            "aws_vpc.this",
            "data.aws_availability_zones.eu_west_2"
          ]
        },
        {
          "index_key": "2",
          "schema_version": 1,
          "attributes": {
            "arn": "arn:aws:ec2:eu-west-2:522829680019:subnet/subnet-0217bfc064e08f652",
            "assign_ipv6_address_on_creation": false,
            "availability_zone": "eu-west-2c",
            "availability_zone_id": "euw2-az1",
            "cidr_block": "10.0.2.0/24",
            "customer_owned_ipv4_pool": "",
            "enable_dns64": false,
            "enable_resource_name_dns_a_record_on_launch": false,
            "enable_resource_name_dns_aaaa_record_on_launch": false,
            "id": "subnet-0217bfc064e08f652",
            "ipv6_cidr_block": "",
            "ipv6_cidr_block_association_id": "",
            "ipv6_native": false,
            "map_customer_owned_ip_on_launch": false,
            "map_public_ip_on_launch": false,
            "outpost_arn": "",
            "owner_id": "522829680019",
            "private_dns_hostname_type_on_launch": "ip-name",
            "tags": {
              "Name": "multiverse-2"
            },
            "tags_all": {
              "Name": "multiverse-2"
            },
            "timeouts": null,
            "vpc_id": "vpc-0be30261c8accb3bf"
          },
          "sensitive_attributes": [],
          "private": "eyJlMmJmYjczMC1lY2FhLTExZTYtOGY4OC0zNDM2M2JjN2M0YzAiOnsiY3JlYXRlIjo2MDAwMDAwMDAwMDAsImRlbGV0ZSI6MTIwMDAwMDAwMDAwMH0sInNjaGVtYV92ZXJzaW9uIjoiMSJ9",
          "dependencies": [
            "aws_vpc.this",
            "data.aws_availability_zones.eu_west_2"
          ]
        }
      ]
    },
    {
      "mode": "managed",
      "type": "aws_vpc",
      "name": "this",
      "provider": "provider[\"registry.terraform.io/hashicorp/aws\"]",
      "instances": [
        {
          "schema_version": 1,
          "attributes": {
            "arn": "arn:aws:ec2:eu-west-2:522829680019:vpc/vpc-0be30261c8accb3bf",
            "assign_generated_ipv6_cidr_block": false,
            "cidr_block": "10.0.0.0/16",
            "default_network_acl_id": "acl-0bcab32221ea36b8a",
            "default_route_table_id": "rtb-08e3e7c3a19f7515a",
            "default_security_group_id": "sg-0151304ec2893efb9",
            "dhcp_options_id": "dopt-0fadc603977c704b2",
            "enable_classiclink": false,
            "enable_classiclink_dns_support": false,
            "enable_dns_hostnames": true,
            "enable_dns_support": true,
            "enable_network_address_usage_metrics": false,
            "id": "vpc-0be30261c8accb3bf",
            "instance_tenancy": "default",
            "ipv4_ipam_pool_id": null,
            "ipv4_netmask_length": null,
            "ipv6_association_id": "",
            "ipv6_cidr_block": "",
            "ipv6_cidr_block_network_border_group": "",
            "ipv6_ipam_pool_id": "",
            "ipv6_netmask_length": 0,
            "main_route_table_id": "rtb-08e3e7c3a19f7515a",
            "owner_id": "522829680019",
            "tags": {
              "Name": "multiverse"
            },
            "tags_all": {
              "Name": "multiverse"
            }
          },
          "sensitive_attributes": [],
          "private": "eyJzY2hlbWFfdmVyc2lvbiI6IjEifQ=="
        }
      ]
    },
    {
      "mode": "managed",
      "type": "aws_vpc_endpoint",
      "name": "s3",
      "provider": "provider[\"registry.terraform.io/hashicorp/aws\"]",
      "instances": [
        {
          "schema_version": 0,
          "attributes": {
            "arn": "arn:aws:ec2:eu-west-2:522829680019:vpc-endpoint/vpce-03e167ee6bec65f1f",
            "auto_accept": null,
            "cidr_blocks": [
              "52.95.150.0/24",
              "52.95.191.0/24",
              "52.95.142.0/23",
              "16.12.16.0/23",
              "3.5.244.0/22",
              "52.219.219.0/24",
              "52.95.144.0/24",
              "52.95.148.0/23",
              "16.12.15.0/24"
            ],
            "dns_entry": [],
            "dns_options": [],
            "id": "vpce-03e167ee6bec65f1f",
            "ip_address_type": "",
            "network_interface_ids": [],
            "owner_id": "522829680019",
            "policy": "{\"Statement\":[{\"Action\":\"*\",\"Effect\":\"Allow\",\"Principal\":\"*\",\"Resource\":\"*\"}],\"Version\":\"2008-10-17\"}",
            "prefix_list_id": "pl-7ca54015",
            "private_dns_enabled": false,
            "requester_managed": false,
            "route_table_ids": [
              "rtb-0f27bc57e26ecc13d"
            ],
            "security_group_ids": [],
            "service_name": "com.amazonaws.eu-west-2.s3",
            "state": "available",
            "subnet_ids": [],
            "tags": {
              "Name": "multiverse"
            },
            "tags_all": {
              "Name": "multiverse"
            },
            "timeouts": null,
            "vpc_endpoint_type": "Gateway",
            "vpc_id": "vpc-0be30261c8accb3bf"
          },
          "sensitive_attributes": [],
          "private": "eyJlMmJmYjczMC1lY2FhLTExZTYtOGY4OC0zNDM2M2JjN2M0YzAiOnsiY3JlYXRlIjo2MDAwMDAwMDAwMDAsImRlbGV0ZSI6NjAwMDAwMDAwMDAwLCJ1cGRhdGUiOjYwMDAwMDAwMDAwMH19",
          "dependencies": [
            "aws_vpc.this"
          ]
        }
      ]
    },
    {
      "mode": "managed",
      "type": "aws_vpc_endpoint_route_table_association",
      "name": "this",
      "provider": "provider[\"registry.terraform.io/hashicorp/aws\"]",
      "instances": [
        {
          "schema_version": 0,
          "attributes": {
            "id": "a-vpce-03e167ee6bec65f1f2283044778",
            "route_table_id": "rtb-0f27bc57e26ecc13d",
            "vpc_endpoint_id": "vpce-03e167ee6bec65f1f"
          },
          "sensitive_attributes": [],
          "private": "bnVsbA==",
          "dependencies": [
            "aws_route_table.public",
            "aws_vpc.this",
            "aws_vpc_endpoint.s3"
          ]
        }
      ]
    }
  ],
  "check_results": null
}
